// !$*UTF8*$!
{
	archiveVersion = 1;
	classes = {
	};
	objectVersion = 56;
	objects = {

/* Begin PBXBuildFile section */
		48BECB982A57CE0600664BFB /* AppDelegate.swift in Sources */ = {isa = PBXBuildFile; fileRef = 48BECB972A57CE0600664BFB /* AppDelegate.swift */; };
		48BECB9A2A57CE0600664BFB /* SceneDelegate.swift in Sources */ = {isa = PBXBuildFile; fileRef = 48BECB992A57CE0600664BFB /* SceneDelegate.swift */; };
		48BECB9C2A57CE0600664BFB /* ViewController.swift in Sources */ = {isa = PBXBuildFile; fileRef = 48BECB9B2A57CE0600664BFB /* ViewController.swift */; };
		48BECB9F2A57CE0600664BFB /* Main.storyboard in Resources */ = {isa = PBXBuildFile; fileRef = 48BECB9D2A57CE0600664BFB /* Main.storyboard */; };
		48BECBA12A57CE0700664BFB /* Assets.xcassets in Resources */ = {isa = PBXBuildFile; fileRef = 48BECBA02A57CE0700664BFB /* Assets.xcassets */; };
		48BECBA42A57CE0700664BFB /* LaunchScreen.storyboard in Resources */ = {isa = PBXBuildFile; fileRef = 48BECBA22A57CE0700664BFB /* LaunchScreen.storyboard */; };
		48BECBAD2A57CE8100664BFB /* AcaiaSDK.xcframework in Frameworks */ = {isa = PBXBuildFile; fileRef = 48BECBAC2A57CE8100664BFB /* AcaiaSDK.xcframework */; };
		48BECBB22A57CE9C00664BFB /* DGCharts in Frameworks */ = {isa = PBXBuildFile; productRef = 48BECBB12A57CE9C00664BFB /* DGCharts */; };
/* End PBXBuildFile section */

/* Begin PBXFileReference section */
		48BECB942A57CE0600664BFB /* AiderTest.app */ = {isa = PBXFileReference; explicitFileType = wrapper.application; includeInIndex = 0; path = AiderTest.app; sourceTree = BUILT_PRODUCTS_DIR; };
		48BECB972A57CE0600664BFB /* AppDelegate.swift */ = {isa = PBXFileReference; lastKnownFileType = sourcecode.swift; path = AppDelegate.swift; sourceTree = "<group>"; };
		48BECB992A57CE0600664BFB /* SceneDelegate.swift */ = {isa = PBXFileReference; lastKnownFileType = sourcecode.swift; path = SceneDelegate.swift; sourceTree = "<group>"; };
		48BECB9B2A57CE0600664BFB /* ViewController.swift */ = {isa = PBXFileReference; lastKnownFileType = sourcecode.swift; path = ViewController.swift; sourceTree = "<group>"; };
		48BECB9E2A57CE0600664BFB /* Base */ = {isa = PBXFileReference; lastKnownFileType = file.storyboard; name = Base; path = Base.lproj/Main.storyboard; sourceTree = "<group>"; };
		48BECBA02A57CE0700664BFB /* Assets.xcassets */ = {isa = PBXFileReference; lastKnownFileType = folder.assetcatalog; path = Assets.xcassets; sourceTree = "<group>"; };
		48BECBA32A57CE0700664BFB /* Base */ = {isa = PBXFileReference; lastKnownFileType = file.storyboard; name = Base; path = Base.lproj/LaunchScreen.storyboard; sourceTree = "<group>"; };
		48BECBA52A57CE0700664BFB /* Info.plist */ = {isa = PBXFileReference; lastKnownFileType = text.plist.xml; path = Info.plist; sourceTree = "<group>"; };
		48BECBAC2A57CE8100664BFB /* AcaiaSDK.xcframework */ = {isa = PBXFileReference; lastKnownFileType = wrapper.xcframework; path = AcaiaSDK.xcframework; sourceTree = "<group>"; };
/* End PBXFileReference section */

/* Begin PBXFrameworksBuildPhase section */
		48BECB912A57CE0600664BFB /* Frameworks */ = {
			isa = PBXFrameworksBuildPhase;
			buildActionMask = 2147483647;
			files = (
				48BECBB22A57CE9C00664BFB /* DGCharts in Frameworks */,
				48BECBAD2A57CE8100664BFB /* AcaiaSDK.xcframework in Frameworks */,
			);
			runOnlyForDeploymentPostprocessing = 0;
		};
/* End PBXFrameworksBuildPhase section */

/* Begin PBXGroup section */
		48BECB8B2A57CE0600664BFB = {
			isa = PBXGroup;
			children = (
				48BECB962A57CE0600664BFB /* AiderTest */,
				48BECB952A57CE0600664BFB /* Products */,
				48BECBAB2A57CE8100664BFB /* Frameworks */,
			);
			sourceTree = "<group>";
		};
		48BECB952A57CE0600664BFB /* Products */ = {
			isa = PBXGroup;
			children = (
				48BECB942A57CE0600664BFB /* AiderTest.app */,
			);
			name = Products;
			sourceTree = "<group>";
		};
		48BECB962A57CE0600664BFB /* AiderTest */ = {
			isa = PBXGroup;
			children = (
				48BECB972A57CE0600664BFB /* AppDelegate.swift */,
				48BECB992A57CE0600664BFB /* SceneDelegate.swift */,
				48BECB9B2A57CE0600664BFB /* ViewController.swift */,
				48BECB9D2A57CE0600664BFB /* Main.storyboard */,
				48BECBA02A57CE0700664BFB /* Assets.xcassets */,
				48BECBA22A57CE0700664BFB /* LaunchScreen.storyboard */,
				48BECBA52A57CE0700664BFB /* Info.plist */,
			);
			path = AiderTest;
			sourceTree = "<group>";
		};
		48BECBAB2A57CE8100664BFB /* Frameworks */ = {
			isa = PBXGroup;
			children = (
				48BECBAC2A57CE8100664BFB /* AcaiaSDK.xcframework */,
			);
			name = Frameworks;
			sourceTree = "<group>";
		};
/* End PBXGroup section */

/* Begin PBXNativeTarget section */
		48BECB932A57CE0600664BFB /* AiderTest */ = {
			isa = PBXNativeTarget;
			buildConfigurationList = 48BECBA82A57CE0700664BFB /* Build configuration list for PBXNativeTarget "AiderTest" */;
			buildPhases = (
				48BECB902A57CE0600664BFB /* Sources */,
				48BECB912A57CE0600664BFB /* Frameworks */,
				48BECB922A57CE0600664BFB /* Resources */,
			);
			buildRules = (
			);
			dependencies = (
			);
			name = AiderTest;
			packageProductDependencies = (
				48BECBB12A57CE9C00664BFB /* DGCharts */,
			);
			productName = AiderTest;
			productReference = 48BECB942A57CE0600664BFB /* AiderTest.app */;
			productType = "com.apple.product-type.application";
		};
/* End PBXNativeTarget section */

/* Begin PBXProject section */
		48BECB8C2A57CE0600664BFB /* Project object */ = {
			isa = PBXProject;
			attributes = {
				BuildIndependentTargetsInParallel = 1;
				LastSwiftUpdateCheck = 1500;
				LastUpgradeCheck = 1500;
				TargetAttributes = {
					48BECB932A57CE0600664BFB = {
						CreatedOnToolsVersion = 15.0;
					};
				};
			};
			buildConfigurationList = 48BECB8F2A57CE0600664BFB /* Build configuration list for PBXProject "AiderTest" */;
			compatibilityVersion = "Xcode 14.0";
			developmentRegion = en;
			hasScannedForEncodings = 0;
			knownRegions = (
				en,
				Base,
			);
			mainGroup = 48BECB8B2A57CE0600664BFB;
			packageReferences = (
				48BECBB02A57CE9C00664BFB /* XCRemoteSwiftPackageReference "Charts" */,
			);
			productRefGroup = 48BECB952A57CE0600664BFB /* Products */;
			projectDirPath = "";
			projectRoot = "";
			targets = (
				48BECB932A57CE0600664BFB /* AiderTest */,
			);
		};
/* End PBXProject section */

/* Begin PBXResourcesBuildPhase section */
		48BECB922A57CE0600664BFB /* Resources */ = {
			isa = PBXResourcesBuildPhase;
			buildActionMask = 2147483647;
			files = (
				48BECBA42A57CE0700664BFB /* LaunchScreen.storyboard in Resources */,
				48BECBA12A57CE0700664BFB /* Assets.xcassets in Resources */,
				48BECB9F2A57CE0600664BFB /* Main.storyboard in Resources */,
			);
			runOnlyForDeploymentPostprocessing = 0;
		};
/* End PBXResourcesBuildPhase section */

/* Begin PBXSourcesBuildPhase section */
		48BECB902A57CE0600664BFB /* Sources */ = {
			isa = PBXSourcesBuildPhase;
			buildActionMask = 2147483647;
			files = (
				48BECB9C2A57CE0600664BFB /* ViewController.swift in Sources */,
				48BECB982A57CE0600664BFB /* AppDelegate.swift in Sources */,
				48BECB9A2A57CE0600664BFB /* SceneDelegate.swift in Sources */,
			);
			runOnlyForDeploymentPostprocessing = 0;
		};
/* End PBXSourcesBuildPhase section */

/* Begin PBXVariantGroup section */
		48BECB9D2A57CE0600664BFB /* Main.storyboard */ = {
			isa = PBXVariantGroup;
			children = (
				48BECB9E2A57CE0600664BFB /* Base */,
			);
			name = Main.storyboard;
			sourceTree = "<group>";
		};
		48BECBA22A57CE0700664BFB /* LaunchScreen.storyboard */ = {
			isa = PBXVariantGroup;
			children = (
				48BECBA32A57CE0700664BFB /* Base */,
			);
			name = LaunchScreen.storyboard;
			sourceTree = "<group>";
		};
/* End PBXVariantGroup section */

/* Begin XCBuildConfiguration section */
		48BECBA62A57CE0700664BFB /* Debug */ = {
			isa = XCBuildConfiguration;
			buildSettings = {
				ALWAYS_SEARCH_USER_PATHS = NO;
				ASSETCATALOG_COMPILER_GENERATE_SWIFT_ASSET_SYMBOL_EXTENSIONS = YES;
				CLANG_ANALYZER_NONNULL = YES;
				CLANG_ANALYZER_NUMBER_OBJECT_CONVERSION = YES_AGGRESSIVE;
				CLANG_CXX_LANGUAGE_STANDARD = "gnu++20";
				CLANG_ENABLE_MODULES = YES;
				CLANG_ENABLE_OBJC_ARC = YES;
				CLANG_ENABLE_OBJC_WEAK = YES;
				CLANG_WARN_BLOCK_CAPTURE_AUTORELEASING = YES;
				CLANG_WARN_BOOL_CONVERSION = YES;
				CLANG_WARN_COMMA = YES;
				CLANG_WARN_CONSTANT_CONVERSION = YES;
				CLANG_WARN_DEPRECATED_OBJC_IMPLEMENTATIONS = YES;
				CLANG_WARN_DIRECT_OBJC_ISA_USAGE = YES_ERROR;
				CLANG_WARN_DOCUMENTATION_COMMENTS = YES;
				CLANG_WARN_EMPTY_BODY = YES;
				CLANG_WARN_ENUM_CONVERSION = YES;
				CLANG_WARN_INFINITE_RECURSION = YES;
				CLANG_WARN_INT_CONVERSION = YES;
				CLANG_WARN_NON_LITERAL_NULL_CONVERSION = YES;
				CLANG_WARN_OBJC_IMPLICIT_RETAIN_SELF = YES;
				CLANG_WARN_OBJC_LITERAL_CONVERSION = YES;
				CLANG_WARN_OBJC_ROOT_CLASS = YES_ERROR;
				CLANG_WARN_QUOTED_INCLUDE_IN_FRAMEWORK_HEADER = YES;
				CLANG_WARN_RANGE_LOOP_ANALYSIS = YES;
				CLANG_WARN_STRICT_PROTOTYPES = YES;
				CLANG_WARN_SUSPICIOUS_MOVE = YES;
				CLANG_WARN_UNGUARDED_AVAILABILITY = YES_AGGRESSIVE;
				CLANG_WARN_UNREACHABLE_CODE = YES;
				CLANG_WARN__DUPLICATE_METHOD_MATCH = YES;
				COPY_PHASE_STRIP = NO;
				DEBUG_INFORMATION_FORMAT = dwarf;
				ENABLE_STRICT_OBJC_MSGSEND = YES;
				ENABLE_TESTABILITY = YES;
				ENABLE_USER_SCRIPT_SANDBOXING = YES;
				GCC_C_LANGUAGE_STANDARD = gnu17;
				GCC_DYNAMIC_NO_PIC = NO;
				GCC_NO_COMMON_BLOCKS = YES;
				GCC_OPTIMIZATION_LEVEL = 0;
				GCC_PREPROCESSOR_DEFINITIONS = (
					"DEBUG=1",
					"$(inherited)",
				);
				GCC_WARN_64_TO_32_BIT_CONVERSION = YES;
				GCC_WARN_ABOUT_RETURN_TYPE = YES_ERROR;
				GCC_WARN_UNDECLARED_SELECTOR = YES;
				GCC_WARN_UNINITIALIZED_AUTOS = YES_AGGRESSIVE;
				GCC_WARN_UNUSED_FUNCTION = YES;
				GCC_WARN_UNUSED_VARIABLE = YES;
				IPHONEOS_DEPLOYMENT_TARGET = 17.0;
				LOCALIZATION_PREFERS_STRING_CATALOGS = YES;
				MTL_ENABLE_DEBUG_INFO = INCLUDE_SOURCE;
				MTL_FAST_MATH = YES;
				ONLY_ACTIVE_ARCH = YES;
				SDKROOT = iphoneos;
				SWIFT_ACTIVE_COMPILATION_CONDITIONS = "DEBUG $(inherited)";
				SWIFT_OPTIMIZATION_LEVEL = "-Onone";
			};
			name = Debug;
		};
		48BECBA72A57CE0700664BFB /* Release */ = {
			isa = XCBuildConfiguration;
			buildSettings = {
				ALWAYS_SEARCH_USER_PATHS = NO;
				ASSETCATALOG_COMPILER_GENERATE_SWIFT_ASSET_SYMBOL_EXTENSIONS = YES;
				CLANG_ANALYZER_NONNULL = YES;
				CLANG_ANALYZER_NUMBER_OBJECT_CONVERSION = YES_AGGRESSIVE;
				CLANG_CXX_LANGUAGE_STANDARD = "gnu++20";
				CLANG_ENABLE_MODULES = YES;
				CLANG_ENABLE_OBJC_ARC = YES;
				CLANG_ENABLE_OBJC_WEAK = YES;
				CLANG_WARN_BLOCK_CAPTURE_AUTORELEASING = YES;
				CLANG_WARN_BOOL_CONVERSION = YES;
				CLANG_WARN_COMMA = YES;
				CLANG_WARN_CONSTANT_CONVERSION = YES;
				CLANG_WARN_DEPRECATED_OBJC_IMPLEMENTATIONS = YES;
				CLANG_WARN_DIRECT_OBJC_ISA_USAGE = YES_ERROR;
				CLANG_WARN_DOCUMENTATION_COMMENTS = YES;
				CLANG_WARN_EMPTY_BODY = YES;
				CLANG_WARN_ENUM_CONVERSION = YES;
				CLANG_WARN_INFINITE_RECURSION = YES;
				CLANG_WARN_INT_CONVERSION = YES;
				CLANG_WARN_NON_LITERAL_NULL_CONVERSION = YES;
				CLANG_WARN_OBJC_IMPLICIT_RETAIN_SELF = YES;
				CLANG_WARN_OBJC_LITERAL_CONVERSION = YES;
				CLANG_WARN_OBJC_ROOT_CLASS = YES_ERROR;
				CLANG_WARN_QUOTED_INCLUDE_IN_FRAMEWORK_HEADER = YES;
				CLANG_WARN_RANGE_LOOP_ANALYSIS = YES;
				CLANG_WARN_STRICT_PROTOTYPES = YES;
				CLANG_WARN_SUSPICIOUS_MOVE = YES;
				CLANG_WARN_UNGUARDED_AVAILABILITY = YES_AGGRESSIVE;
				CLANG_WARN_UNREACHABLE_CODE = YES;
				CLANG_WARN__DUPLICATE_METHOD_MATCH = YES;
				COPY_PHASE_STRIP = NO;
				DEBUG_INFORMATION_FORMAT = "dwarf-with-dsym";
				ENABLE_NS_ASSERTIONS = NO;
				ENABLE_STRICT_OBJC_MSGSEND = YES;
				ENABLE_USER_SCRIPT_SANDBOXING = YES;
				GCC_C_LANGUAGE_STANDARD = gnu17;
				GCC_NO_COMMON_BLOCKS = YES;
				GCC_WARN_64_TO_32_BIT_CONVERSION = YES;
				GCC_WARN_ABOUT_RETURN_TYPE = YES_ERROR;
				GCC_WARN_UNDECLARED_SELECTOR = YES;
				GCC_WARN_UNINITIALIZED_AUTOS = YES_AGGRESSIVE;
				GCC_WARN_UNUSED_FUNCTION = YES;
				GCC_WARN_UNUSED_VARIABLE = YES;
				IPHONEOS_DEPLOYMENT_TARGET = 17.0;
				LOCALIZATION_PREFERS_STRING_CATALOGS = YES;
				MTL_ENABLE_DEBUG_INFO = NO;
				MTL_FAST_MATH = YES;
				SDKROOT = iphoneos;
				SWIFT_COMPILATION_MODE = wholemodule;
				VALIDATE_PRODUCT = YES;
			};
			name = Release;
		};
		48BECBA92A57CE0700664BFB /* Debug */ = {
			isa = XCBuildConfiguration;
			buildSettings = {
				ASSETCATALOG_COMPILER_APPICON_NAME = AppIcon;
				ASSETCATALOG_COMPILER_GLOBAL_ACCENT_COLOR_NAME = AccentColor;
				CODE_SIGN_STYLE = Automatic;
				CURRENT_PROJECT_VERSION = 1;
				DEVELOPMENT_TEAM = 6YNL53RS57;
				GENERATE_INFOPLIST_FILE = YES;
				INFOPLIST_FILE = AiderTest/Info.plist;
				INFOPLIST_KEY_UIApplicationSupportsIndirectInputEvents = YES;
				INFOPLIST_KEY_UILaunchStoryboardName = LaunchScreen;
				INFOPLIST_KEY_UIMainStoryboardFile = Main;
				INFOPLIST_KEY_UISupportedInterfaceOrientations_iPad = "UIInterfaceOrientationPortrait UIInterfaceOrientationPortraitUpsideDown UIInterfaceOrientationLandscapeLeft UIInterfaceOrientationLandscapeRight";
				INFOPLIST_KEY_UISupportedInterfaceOrientations_iPhone = "UIInterfaceOrientationPortrait UIInterfaceOrientationLandscapeLeft UIInterfaceOrientationLandscapeRight";
				LD_RUNPATH_SEARCH_PATHS = (
					"$(inherited)",
					"@executable_path/Frameworks",
				);
				MARKETING_VERSION = 1.0;
				PRODUCT_BUNDLE_IDENTIFIER = "CasualRei-.AiderTest";
				PRODUCT_NAME = "$(TARGET_NAME)";
				SWIFT_EMIT_LOC_STRINGS = YES;
				SWIFT_VERSION = 5.0;
				TARGETED_DEVICE_FAMILY = "1,2";
			};
			name = Debug;
		};
		48BECBAA2A57CE0700664BFB /* Release */ = {
			isa = XCBuildConfiguration;
			buildSettings = {
				ASSETCATALOG_COMPILER_APPICON_NAME = AppIcon;
				ASSETCATALOG_COMPILER_GLOBAL_ACCENT_COLOR_NAME = AccentColor;
				CODE_SIGN_STYLE = Automatic;
				CURRENT_PROJECT_VERSION = 1;
				DEVELOPMENT_TEAM = 6YNL53RS57;
				GENERATE_INFOPLIST_FILE = YES;
				INFOPLIST_FILE = AiderTest/Info.plist;
				INFOPLIST_KEY_UIApplicationSupportsIndirectInputEvents = YES;
				INFOPLIST_KEY_UILaunchStoryboardName = LaunchScreen;
				INFOPLIST_KEY_UIMainStoryboardFile = Main;
				INFOPLIST_KEY_UISupportedInterfaceOrientations_iPad = "UIInterfaceOrientationPortrait UIInterfaceOrientationPortraitUpsideDown UIInterfaceOrientationLandscapeLeft UIInterfaceOrientationLandscapeRight";
				INFOPLIST_KEY_UISupportedInterfaceOrientations_iPhone = "UIInterfaceOrientationPortrait UIInterfaceOrientationLandscapeLeft UIInterfaceOrientationLandscapeRight";
				LD_RUNPATH_SEARCH_PATHS = (
					"$(inherited)",
					"@executable_path/Frameworks",
				);
				MARKETING_VERSION = 1.0;
				PRODUCT_BUNDLE_IDENTIFIER = "CasualRei-.AiderTest";
				PRODUCT_NAME = "$(TARGET_NAME)";
				SWIFT_EMIT_LOC_STRINGS = YES;
				SWIFT_VERSION = 5.0;
				TARGETED_DEVICE_FAMILY = "1,2";
			};
			name = Release;
		};
/* End XCBuildConfiguration section */

/* Begin XCConfigurationList section */
		48BECB8F2A57CE0600664BFB /* Build configuration list for PBXProject "AiderTest" */ = {
			isa = XCConfigurationList;
			buildConfigurations = (
				48BECBA62A57CE0700664BFB /* Debug */,
				48BECBA72A57CE0700664BFB /* Release */,
			);
			defaultConfigurationIsVisible = 0;
			defaultConfigurationName = Release;
		};
		48BECBA82A57CE0700664BFB /* Build configuration list for PBXNativeTarget "AiderTest" */ = {
			isa = XCConfigurationList;
			buildConfigurations = (
				48BECBA92A57CE0700664BFB /* Debug */,
				48BECBAA2A57CE0700664BFB /* Release */,
			);
			defaultConfigurationIsVisible = 0;
			defaultConfigurationName = Release;
		};
/* End XCConfigurationList section */

/* Begin XCRemoteSwiftPackageReference section */
		48BECBB02A57CE9C00664BFB /* XCRemoteSwiftPackageReference "Charts" */ = {
			isa = XCRemoteSwiftPackageReference;
			repositoryURL = "https://github.com/danielgindi/Charts";
			requirement = {
				kind = upToNextMajorVersion;
				minimumVersion = 5.0.0;
			};
		};
/* End XCRemoteSwiftPackageReference section */

/* Begin XCSwiftPackageProductDependency section */
		48BECBB12A57CE9C00664BFB /* DGCharts */ = {
			isa = XCSwiftPackageProductDependency;
			package = 48BECBB02A57CE9C00664BFB /* XCRemoteSwiftPackageReference "Charts" */;
			productName = DGCharts;
		};
/* End XCSwiftPackageProductDependency section */
	};
	rootObject = 48BECB8C2A57CE0600664BFB /* Project object */;
}
